
Microsoft Visual Studio Solution File, Format Version 12.00
# Visual Studio 15
VisualStudioVersion = 15.0.28307.572
MinimumVisualStudioVersion = 10.0.40219.1
Project("{FAE04EC0-301F-11D3-BF4B-00C04F79EFBC}") = "mywebagenda", "mywebagenda\mywebagenda.csproj", "{7348E059-5C04-4089-B03C-F32FF7D1E735}"
EndProject
Global
	GlobalSection(SolutionConfigurationPlatforms) = preSolution
		Debug|x86 = Debug|x86
	EndGlobalSection
	GlobalSection(ProjectConfigurationPlatforms) = postSolution
		{7348E059-5C04-4089-B03C-F32FF7D1E735}.Debug|x86.ActiveCfg = Debug|x86
		{7348E059-5C04-4089-B03C-F32FF7D1E735}.Debug|x86.Build.0 = Debug|x86
	EndGlobalSection
	GlobalSection(SolutionProperties) = preSolution
		HideSolutionNode = FALSE
	EndGlobalSection
	GlobalSection(ExtensibilityGlobals) = postSolution
		SolutionGuid = {A70301F1-FB4C-411F-8AE6-381BC08261F0}
	EndGlobalSection
EndGlobal
